// !$*UTF8*$!
{
	archiveVersion = 1;
	classes = {
	};
	objectVersion = 46;
	objects = {

/* Begin PBXBuildFile section */
		44CE58C618A86A1D004ACF46 /* Foundation.framework in Frameworks */ = {isa = PBXBuildFile; fileRef = 44CE58C518A86A1D004ACF46 /* Foundation.framework */; };
		44CE58C818A86A1D004ACF46 /* CoreGraphics.framework in Frameworks */ = {isa = PBXBuildFile; fileRef = 44CE58C718A86A1D004ACF46 /* CoreGraphics.framework */; };
		44CE58CA18A86A1D004ACF46 /* UIKit.framework in Frameworks */ = {isa = PBXBuildFile; fileRef = 44CE58C918A86A1D004ACF46 /* UIKit.framework */; };
		44CE58CC18A86A1D004ACF46 /* SpriteKit.framework in Frameworks */ = {isa = PBXBuildFile; fileRef = 44CE58CB18A86A1D004ACF46 /* SpriteKit.framework */; };
		44CE58D218A86A1D004ACF46 /* InfoPlist.strings in Resources */ = {isa = PBXBuildFile; fileRef = 44CE58D018A86A1D004ACF46 /* InfoPlist.strings */; };
		44CE58D418A86A1D004ACF46 /* main.m in Sources */ = {isa = PBXBuildFile; fileRef = 44CE58D318A86A1D004ACF46 /* main.m */; };
		44CE58D818A86A1D004ACF46 /* AppDelegate.m in Sources */ = {isa = PBXBuildFile; fileRef = 44CE58D718A86A1D004ACF46 /* AppDelegate.m */; };
		44CE58DB18A86A1D004ACF46 /* Main.storyboard in Resources */ = {isa = PBXBuildFile; fileRef = 44CE58D918A86A1D004ACF46 /* Main.storyboard */; };
		44CE58DE18A86A1D004ACF46 /* ViewController.m in Sources */ = {isa = PBXBuildFile; fileRef = 44CE58DD18A86A1D004ACF46 /* ViewController.m */; };
		44CE58E118A86A1D004ACF46 /* MyScene.m in Sources */ = {isa = PBXBuildFile; fileRef = 44CE58E018A86A1D004ACF46 /* MyScene.m */; };
		44CE58E318A86A1D004ACF46 /* Spaceship.png in Resources */ = {isa = PBXBuildFile; fileRef = 44CE58E218A86A1D004ACF46 /* Spaceship.png */; };
		44CE58E518A86A1D004ACF46 /* Images.xcassets in Resources */ = {isa = PBXBuildFile; fileRef = 44CE58E418A86A1D004ACF46 /* Images.xcassets */; };
		44CE58EC18A86A1D004ACF46 /* XCTest.framework in Frameworks */ = {isa = PBXBuildFile; fileRef = 44CE58EB18A86A1D004ACF46 /* XCTest.framework */; };
		44CE58ED18A86A1D004ACF46 /* Foundation.framework in Frameworks */ = {isa = PBXBuildFile; fileRef = 44CE58C518A86A1D004ACF46 /* Foundation.framework */; };
		44CE58EE18A86A1D004ACF46 /* UIKit.framework in Frameworks */ = {isa = PBXBuildFile; fileRef = 44CE58C918A86A1D004ACF46 /* UIKit.framework */; };
		44CE58F618A86A1D004ACF46 /* InfoPlist.strings in Resources */ = {isa = PBXBuildFile; fileRef = 44CE58F418A86A1D004ACF46 /* InfoPlist.strings */; };
		44CE58F818A86A1D004ACF46 /* DragDropTests.m in Sources */ = {isa = PBXBuildFile; fileRef = 44CE58F718A86A1D004ACF46 /* DragDropTests.m */; };
		44CE590218A86BDA004ACF46 /* DragDropImages in Resources */ = {isa = PBXBuildFile; fileRef = 44CE590118A86BDA004ACF46 /* DragDropImages */; };
		44CE590818A86D68004ACF46 /* bird.png in Resources */ = {isa = PBXBuildFile; fileRef = 44CE590318A86D68004ACF46 /* bird.png */; };
		44CE590918A86D68004ACF46 /* blue-shooting-stars.png in Resources */ = {isa = PBXBuildFile; fileRef = 44CE590418A86D68004ACF46 /* blue-shooting-stars.png */; };
		44CE590A18A86D68004ACF46 /* cat.png in Resources */ = {isa = PBXBuildFile; fileRef = 44CE590518A86D68004ACF46 /* cat.png */; };
		44CE590B18A86D68004ACF46 /* dog.png in Resources */ = {isa = PBXBuildFile; fileRef = 44CE590618A86D68004ACF46 /* dog.png */; };
		44CE590C18A86D68004ACF46 /* turtle.png in Resources */ = {isa = PBXBuildFile; fileRef = 44CE590718A86D68004ACF46 /* turtle.png */; };
/* End PBXBuildFile section */

/* Begin PBXContainerItemProxy section */
		44CE58EF18A86A1D004ACF46 /* PBXContainerItemProxy */ = {
			isa = PBXContainerItemProxy;
			containerPortal = 44CE58BA18A86A1D004ACF46 /* Project object */;
			proxyType = 1;
			remoteGlobalIDString = 44CE58C118A86A1D004ACF46;
			remoteInfo = DragDrop;
		};
/* End PBXContainerItemProxy section */

/* Begin PBXFileReference section */
		44CE58C218A86A1D004ACF46 /* DragDrop.app */ = {isa = PBXFileReference; explicitFileType = wrapper.application; includeInIndex = 0; path = DragDrop.app; sourceTree = BUILT_PRODUCTS_DIR; };
		44CE58C518A86A1D004ACF46 /* Foundation.framework */ = {isa = PBXFileReference; lastKnownFileType = wrapper.framework; name = Foundation.framework; path = System/Library/Frameworks/Foundation.framework; sourceTree = SDKROOT; };
		44CE58C718A86A1D004ACF46 /* CoreGraphics.framework */ = {isa = PBXFileReference; lastKnownFileType = wrapper.framework; name = CoreGraphics.framework; path = System/Library/Frameworks/CoreGraphics.framework; sourceTree = SDKROOT; };
		44CE58C918A86A1D004ACF46 /* UIKit.framework */ = {isa = PBXFileReference; lastKnownFileType = wrapper.framework; name = UIKit.framework; path = System/Library/Frameworks/UIKit.framework; sourceTree = SDKROOT; };
		44CE58CB18A86A1D004ACF46 /* SpriteKit.framework */ = {isa = PBXFileReference; lastKnownFileType = wrapper.framework; name = SpriteKit.framework; path = System/Library/Frameworks/SpriteKit.framework; sourceTree = SDKROOT; };
		44CE58CF18A86A1D004ACF46 /* DragDrop-Info.plist */ = {isa = PBXFileReference; lastKnownFileType = text.plist.xml; path = "DragDrop-Info.plist"; sourceTree = "<group>"; };
		44CE58D118A86A1D004ACF46 /* en */ = {isa = PBXFileReference; lastKnownFileType = text.plist.strings; name = en; path = en.lproj/InfoPlist.strings; sourceTree = "<group>"; };
		44CE58D318A86A1D004ACF46 /* main.m */ = {isa = PBXFileReference; lastKnownFileType = sourcecode.c.objc; path = main.m; sourceTree = "<group>"; };
		44CE58D518A86A1D004ACF46 /* DragDrop-Prefix.pch */ = {isa = PBXFileReference; lastKnownFileType = sourcecode.c.h; path = "DragDrop-Prefix.pch"; sourceTree = "<group>"; };
		44CE58D618A86A1D004ACF46 /* AppDelegate.h */ = {isa = PBXFileReference; lastKnownFileType = sourcecode.c.h; path = AppDelegate.h; sourceTree = "<group>"; };
		44CE58D718A86A1D004ACF46 /* AppDelegate.m */ = {isa = PBXFileReference; lastKnownFileType = sourcecode.c.objc; path = AppDelegate.m; sourceTree = "<group>"; };
		44CE58DA18A86A1D004ACF46 /* Base */ = {isa = PBXFileReference; lastKnownFileType = file.storyboard; name = Base; path = Base.lproj/Main.storyboard; sourceTree = "<group>"; };
		44CE58DC18A86A1D004ACF46 /* ViewController.h */ = {isa = PBXFileReference; lastKnownFileType = sourcecode.c.h; path = ViewController.h; sourceTree = "<group>"; };
		44CE58DD18A86A1D004ACF46 /* ViewController.m */ = {isa = PBXFileReference; lastKnownFileType = sourcecode.c.objc; path = ViewController.m; sourceTree = "<group>"; };
		44CE58DF18A86A1D004ACF46 /* MyScene.h */ = {isa = PBXFileReference; lastKnownFileType = sourcecode.c.h; path = MyScene.h; sourceTree = "<group>"; };
		44CE58E018A86A1D004ACF46 /* MyScene.m */ = {isa = PBXFileReference; lastKnownFileType = sourcecode.c.objc; path = MyScene.m; sourceTree = "<group>"; };
		44CE58E218A86A1D004ACF46 /* Spaceship.png */ = {isa = PBXFileReference; lastKnownFileType = image.png; path = Spaceship.png; sourceTree = "<group>"; };
		44CE58E418A86A1D004ACF46 /* Images.xcassets */ = {isa = PBXFileReference; lastKnownFileType = folder.assetcatalog; path = Images.xcassets; sourceTree = "<group>"; };
		44CE58EA18A86A1D004ACF46 /* DragDropTests.xctest */ = {isa = PBXFileReference; explicitFileType = wrapper.cfbundle; includeInIndex = 0; path = DragDropTests.xctest; sourceTree = BUILT_PRODUCTS_DIR; };
		44CE58EB18A86A1D004ACF46 /* XCTest.framework */ = {isa = PBXFileReference; lastKnownFileType = wrapper.framework; name = XCTest.framework; path = Library/Frameworks/XCTest.framework; sourceTree = DEVELOPER_DIR; };
		44CE58F318A86A1D004ACF46 /* DragDropTests-Info.plist */ = {isa = PBXFileReference; lastKnownFileType = text.plist.xml; path = "DragDropTests-Info.plist"; sourceTree = "<group>"; };
		44CE58F518A86A1D004ACF46 /* en */ = {isa = PBXFileReference; lastKnownFileType = text.plist.strings; name = en; path = en.lproj/InfoPlist.strings; sourceTree = "<group>"; };
		44CE58F718A86A1D004ACF46 /* DragDropTests.m */ = {isa = PBXFileReference; lastKnownFileType = sourcecode.c.objc; path = DragDropTests.m; sourceTree = "<group>"; };
		44CE590118A86BDA004ACF46 /* DragDropImages */ = {isa = PBXFileReference; lastKnownFileType = folder; path = DragDropImages; sourceTree = "<group>"; };
		44CE590318A86D68004ACF46 /* bird.png */ = {isa = PBXFileReference; lastKnownFileType = image.png; name = bird.png; path = DragDropImages/bird.png; sourceTree = "<group>"; };
		44CE590418A86D68004ACF46 /* blue-shooting-stars.png */ = {isa = PBXFileReference; lastKnownFileType = image.png; name = "blue-shooting-stars.png"; path = "DragDropImages/blue-shooting-stars.png"; sourceTree = "<group>"; };
		44CE590518A86D68004ACF46 /* cat.png */ = {isa = PBXFileReference; lastKnownFileType = image.png; name = cat.png; path = DragDropImages/cat.png; sourceTree = "<group>"; };
		44CE590618A86D68004ACF46 /* dog.png */ = {isa = PBXFileReference; lastKnownFileType = image.png; name = dog.png; path = DragDropImages/dog.png; sourceTree = "<group>"; };
		44CE590718A86D68004ACF46 /* turtle.png */ = {isa = PBXFileReference; lastKnownFileType = image.png; name = turtle.png; path = DragDropImages/turtle.png; sourceTree = "<group>"; };
/* End PBXFileReference section */

/* Begin PBXFrameworksBuildPhase section */
		44CE58BF18A86A1D004ACF46 /* Frameworks */ = {
			isa = PBXFrameworksBuildPhase;
			buildActionMask = 2147483647;
			files = (
				44CE58C818A86A1D004ACF46 /* CoreGraphics.framework in Frameworks */,
				44CE58CA18A86A1D004ACF46 /* UIKit.framework in Frameworks */,
				44CE58CC18A86A1D004ACF46 /* SpriteKit.framework in Frameworks */,
				44CE58C618A86A1D004ACF46 /* Foundation.framework in Frameworks */,
			);
			runOnlyForDeploymentPostprocessing = 0;
		};
		44CE58E718A86A1D004ACF46 /* Frameworks */ = {
			isa = PBXFrameworksBuildPhase;
			buildActionMask = 2147483647;
			files = (
				44CE58EC18A86A1D004ACF46 /* XCTest.framework in Frameworks */,
				44CE58EE18A86A1D004ACF46 /* UIKit.framework in Frameworks */,
				44CE58ED18A86A1D004ACF46 /* Foundation.framework in Frameworks */,
			);
			runOnlyForDeploymentPostprocessing = 0;
		};
/* End PBXFrameworksBuildPhase section */

/* Begin PBXGroup section */
		44CE58B918A86A1D004ACF46 = {
			isa = PBXGroup;
			children = (
				44CE58CD18A86A1D004ACF46 /* DragDrop */,
				44CE58F118A86A1D004ACF46 /* DragDropTests */,
				44CE58C418A86A1D004ACF46 /* Frameworks */,
				44CE58C318A86A1D004ACF46 /* Products */,
			);
			sourceTree = "<group>";
		};
		44CE58C318A86A1D004ACF46 /* Products */ = {
			isa = PBXGroup;
			children = (
				44CE58C218A86A1D004ACF46 /* DragDrop.app */,
				44CE58EA18A86A1D004ACF46 /* DragDropTests.xctest */,
			);
			name = Products;
			sourceTree = "<group>";
		};
		44CE58C418A86A1D004ACF46 /* Frameworks */ = {
			isa = PBXGroup;
			children = (
				44CE58C518A86A1D004ACF46 /* Foundation.framework */,
				44CE58C718A86A1D004ACF46 /* CoreGraphics.framework */,
				44CE58C918A86A1D004ACF46 /* UIKit.framework */,
				44CE58CB18A86A1D004ACF46 /* SpriteKit.framework */,
				44CE58EB18A86A1D004ACF46 /* XCTest.framework */,
			);
			name = Frameworks;
			sourceTree = "<group>";
		};
		44CE58CD18A86A1D004ACF46 /* DragDrop */ = {
			isa = PBXGroup;
			children = (
				44CE590318A86D68004ACF46 /* bird.png */,
				44CE590418A86D68004ACF46 /* blue-shooting-stars.png */,
				44CE590518A86D68004ACF46 /* cat.png */,
				44CE590618A86D68004ACF46 /* dog.png */,
				44CE590718A86D68004ACF46 /* turtle.png */,
				44CE58D618A86A1D004ACF46 /* AppDelegate.h */,
				44CE58D718A86A1D004ACF46 /* AppDelegate.m */,
				44CE58D918A86A1D004ACF46 /* Main.storyboard */,
				44CE58DC18A86A1D004ACF46 /* ViewController.h */,
				44CE58DD18A86A1D004ACF46 /* ViewController.m */,
				44CE58DF18A86A1D004ACF46 /* MyScene.h */,
				44CE58E018A86A1D004ACF46 /* MyScene.m */,
				44CE58E218A86A1D004ACF46 /* Spaceship.png */,
				44CE58E418A86A1D004ACF46 /* Images.xcassets */,
				44CE590118A86BDA004ACF46 /* DragDropImages */,
				44CE58CE18A86A1D004ACF46 /* Supporting Files */,
			);
			path = DragDrop;
			sourceTree = "<group>";
		};
		44CE58CE18A86A1D004ACF46 /* Supporting Files */ = {
			isa = PBXGroup;
			children = (
				44CE58CF18A86A1D004ACF46 /* DragDrop-Info.plist */,
				44CE58D018A86A1D004ACF46 /* InfoPlist.strings */,
				44CE58D318A86A1D004ACF46 /* main.m */,
				44CE58D518A86A1D004ACF46 /* DragDrop-Prefix.pch */,
			);
			name = "Supporting Files";
			sourceTree = "<group>";
		};
		44CE58F118A86A1D004ACF46 /* DragDropTests */ = {
			isa = PBXGroup;
			children = (
				44CE58F718A86A1D004ACF46 /* DragDropTests.m */,
				44CE58F218A86A1D004ACF46 /* Supporting Files */,
			);
			path = DragDropTests;
			sourceTree = "<group>";
		};
		44CE58F218A86A1D004ACF46 /* Supporting Files */ = {
			isa = PBXGroup;
			children = (
				44CE58F318A86A1D004ACF46 /* DragDropTests-Info.plist */,
				44CE58F418A86A1D004ACF46 /* InfoPlist.strings */,
			);
			name = "Supporting Files";
			sourceTree = "<group>";
		};
/* End PBXGroup section */

/* Begin PBXNativeTarget section */
		44CE58C118A86A1D004ACF46 /* DragDrop */ = {
			isa = PBXNativeTarget;
			buildConfigurationList = 44CE58FB18A86A1D004ACF46 /* Build configuration list for PBXNativeTarget "DragDrop" */;
			buildPhases = (
				44CE58BE18A86A1D004ACF46 /* Sources */,
				44CE58BF18A86A1D004ACF46 /* Frameworks */,
				44CE58C018A86A1D004ACF46 /* Resources */,
			);
			buildRules = (
			);
			dependencies = (
			);
			name = DragDrop;
			productName = DragDrop;
			productReference = 44CE58C218A86A1D004ACF46 /* DragDrop.app */;
			productType = "com.apple.product-type.application";
		};
		44CE58E918A86A1D004ACF46 /* DragDropTests */ = {
			isa = PBXNativeTarget;
			buildConfigurationList = 44CE58FE18A86A1D004ACF46 /* Build configuration list for PBXNativeTarget "DragDropTests" */;
			buildPhases = (
				44CE58E618A86A1D004ACF46 /* Sources */,
				44CE58E718A86A1D004ACF46 /* Frameworks */,
				44CE58E818A86A1D004ACF46 /* Resources */,
			);
			buildRules = (
			);
			dependencies = (
				44CE58F018A86A1D004ACF46 /* PBXTargetDependency */,
			);
			name = DragDropTests;
			productName = DragDropTests;
			productReference = 44CE58EA18A86A1D004ACF46 /* DragDropTests.xctest */;
			productType = "com.apple.product-type.bundle.unit-test";
		};
/* End PBXNativeTarget section */

/* Begin PBXProject section */
		44CE58BA18A86A1D004ACF46 /* Project object */ = {
			isa = PBXProject;
			attributes = {
				LastUpgradeCheck = 0500;
				ORGANIZATIONNAME = ece1778;
				TargetAttributes = {
					44CE58E918A86A1D004ACF46 = {
						TestTargetID = 44CE58C118A86A1D004ACF46;
					};
				};
			};
			buildConfigurationList = 44CE58BD18A86A1D004ACF46 /* Build configuration list for PBXProject "DragDrop" */;
			compatibilityVersion = "Xcode 3.2";
			developmentRegion = English;
			hasScannedForEncodings = 0;
			knownRegions = (
				en,
				Base,
			);
			mainGroup = 44CE58B918A86A1D004ACF46;
			productRefGroup = 44CE58C318A86A1D004ACF46 /* Products */;
			projectDirPath = "";
			projectRoot = "";
			targets = (
				44CE58C118A86A1D004ACF46 /* DragDrop */,
				44CE58E918A86A1D004ACF46 /* DragDropTests */,
			);
		};
/* End PBXProject section */

/* Begin PBXResourcesBuildPhase section */
		44CE58C018A86A1D004ACF46 /* Resources */ = {
			isa = PBXResourcesBuildPhase;
			buildActionMask = 2147483647;
			files = (
				44CE58D218A86A1D004ACF46 /* InfoPlist.strings in Resources */,
				44CE590C18A86D68004ACF46 /* turtle.png in Resources */,
				44CE58E518A86A1D004ACF46 /* Images.xcassets in Resources */,
				44CE590A18A86D68004ACF46 /* cat.png in Resources */,
				44CE590B18A86D68004ACF46 /* dog.png in Resources */,
				44CE590818A86D68004ACF46 /* bird.png in Resources */,
				44CE58E318A86A1D004ACF46 /* Spaceship.png in Resources */,
				44CE58DB18A86A1D004ACF46 /* Main.storyboard in Resources */,
				44CE590218A86BDA004ACF46 /* DragDropImages in Resources */,
				44CE590918A86D68004ACF46 /* blue-shooting-stars.png in Resources */,
			);
			runOnlyForDeploymentPostprocessing = 0;
		};
		44CE58E818A86A1D004ACF46 /* Resources */ = {
			isa = PBXResourcesBuildPhase;
			buildActionMask = 2147483647;
			files = (
				44CE58F618A86A1D004ACF46 /* InfoPlist.strings in Resources */,
			);
			runOnlyForDeploymentPostprocessing = 0;
		};
/* End PBXResourcesBuildPhase section */

/* Begin PBXSourcesBuildPhase section */
		44CE58BE18A86A1D004ACF46 /* Sources */ = {
			isa = PBXSourcesBuildPhase;
			buildActionMask = 2147483647;
			files = (
				44CE58E118A86A1D004ACF46 /* MyScene.m in Sources */,
				44CE58DE18A86A1D004ACF46 /* ViewController.m in Sources */,
				44CE58D818A86A1D004ACF46 /* AppDelegate.m in Sources */,
				44CE58D418A86A1D004ACF46 /* main.m in Sources */,
			);
			runOnlyForDeploymentPostprocessing = 0;
		};
		44CE58E618A86A1D004ACF46 /* Sources */ = {
			isa = PBXSourcesBuildPhase;
			buildActionMask = 2147483647;
			files = (
				44CE58F818A86A1D004ACF46 /* DragDropTests.m in Sources */,
			);
			runOnlyForDeploymentPostprocessing = 0;
		};
/* End PBXSourcesBuildPhase section */

/* Begin PBXTargetDependency section */
		44CE58F018A86A1D004ACF46 /* PBXTargetDependency */ = {
			isa = PBXTargetDependency;
			target = 44CE58C118A86A1D004ACF46 /* DragDrop */;
			targetProxy = 44CE58EF18A86A1D004ACF46 /* PBXContainerItemProxy */;
		};
/* End PBXTargetDependency section */

/* Begin PBXVariantGroup section */
		44CE58D018A86A1D004ACF46 /* InfoPlist.strings */ = {
			isa = PBXVariantGroup;
			children = (
				44CE58D118A86A1D004ACF46 /* en */,
			);
			name = InfoPlist.strings;
			sourceTree = "<group>";
		};
		44CE58D918A86A1D004ACF46 /* Main.storyboard */ = {
			isa = PBXVariantGroup;
			children = (
				44CE58DA18A86A1D004ACF46 /* Base */,
			);
			name = Main.storyboard;
			sourceTree = "<group>";
		};
		44CE58F418A86A1D004ACF46 /* InfoPlist.strings */ = {
			isa = PBXVariantGroup;
			children = (
				44CE58F518A86A1D004ACF46 /* en */,
			);
			name = InfoPlist.strings;
			sourceTree = "<group>";
		};
/* End PBXVariantGroup section */

/* Begin XCBuildConfiguration section */
		44CE58F918A86A1D004ACF46 /* Debug */ = {
			isa = XCBuildConfiguration;
			buildSettings = {
				ALWAYS_SEARCH_USER_PATHS = NO;
				ARCHS = "$(ARCHS_STANDARD_INCLUDING_64_BIT)";
				CLANG_CXX_LANGUAGE_STANDARD = "gnu++0x";
				CLANG_CXX_LIBRARY = "libc++";
				CLANG_ENABLE_MODULES = YES;
				CLANG_ENABLE_OBJC_ARC = YES;
				CLANG_WARN_BOOL_CONVERSION = YES;
				CLANG_WARN_CONSTANT_CONVERSION = YES;
				CLANG_WARN_DIRECT_OBJC_ISA_USAGE = YES_ERROR;
				CLANG_WARN_EMPTY_BODY = YES;
				CLANG_WARN_ENUM_CONVERSION = YES;
				CLANG_WARN_INT_CONVERSION = YES;
				CLANG_WARN_OBJC_ROOT_CLASS = YES_ERROR;
				CLANG_WARN__DUPLICATE_METHOD_MATCH = YES;
				"CODE_SIGN_IDENTITY[sdk=iphoneos*]" = "iPhone Developer";
				COPY_PHASE_STRIP = NO;
				GCC_C_LANGUAGE_STANDARD = gnu99;
				GCC_DYNAMIC_NO_PIC = NO;
				GCC_OPTIMIZATION_LEVEL = 0;
				GCC_PREPROCESSOR_DEFINITIONS = (
					"DEBUG=1",
					"$(inherited)",
				);
				GCC_SYMBOLS_PRIVATE_EXTERN = NO;
				GCC_WARN_64_TO_32_BIT_CONVERSION = YES;
				GCC_WARN_ABOUT_RETURN_TYPE = YES_ERROR;
				GCC_WARN_UNDECLARED_SELECTOR = YES;
				GCC_WARN_UNINITIALIZED_AUTOS = YES;
				GCC_WARN_UNUSED_FUNCTION = YES;
				GCC_WARN_UNUSED_VARIABLE = YES;
				IPHONEOS_DEPLOYMENT_TARGET = 7.0;
				ONLY_ACTIVE_ARCH = YES;
				SDKROOT = iphoneos;
			};
			name = Debug;
		};
		44CE58FA18A86A1D004ACF46 /* Release */ = {
			isa = XCBuildConfiguration;
			buildSettings = {
				ALWAYS_SEARCH_USER_PATHS = NO;
				ARCHS = "$(ARCHS_STANDARD_INCLUDING_64_BIT)";
				CLANG_CXX_LANGUAGE_STANDARD = "gnu++0x";
				CLANG_CXX_LIBRARY = "libc++";
				CLANG_ENABLE_MODULES = YES;
				CLANG_ENABLE_OBJC_ARC = YES;
				CLANG_WARN_BOOL_CONVERSION = YES;
				CLANG_WARN_CONSTANT_CONVERSION = YES;
				CLANG_WARN_DIRECT_OBJC_ISA_USAGE = YES_ERROR;
				CLANG_WARN_EMPTY_BODY = YES;
				CLANG_WARN_ENUM_CONVERSION = YES;
				CLANG_WARN_INT_CONVERSION = YES;
				CLANG_WARN_OBJC_ROOT_CLASS = YES_ERROR;
				CLANG_WARN__DUPLICATE_METHOD_MATCH = YES;
				"CODE_SIGN_IDENTITY[sdk=iphoneos*]" = "iPhone Developer";
				COPY_PHASE_STRIP = YES;
				ENABLE_NS_ASSERTIONS = NO;
				GCC_C_LANGUAGE_STANDARD = gnu99;
				GCC_WARN_64_TO_32_BIT_CONVERSION = YES;
				GCC_WARN_ABOUT_RETURN_TYPE = YES_ERROR;
				GCC_WARN_UNDECLARED_SELECTOR = YES;
				GCC_WARN_UNINITIALIZED_AUTOS = YES;
				GCC_WARN_UNUSED_FUNCTION = YES;
				GCC_WARN_UNUSED_VARIABLE = YES;
				IPHONEOS_DEPLOYMENT_TARGET = 7.0;
				SDKROOT = iphoneos;
				VALIDATE_PRODUCT = YES;
			};
			name = Release;
		};
		44CE58FC18A86A1D004ACF46 /* Debug */ = {
			isa = XCBuildConfiguration;
			buildSettings = {
				ASSETCATALOG_COMPILER_APPICON_NAME = AppIcon;
				ASSETCATALOG_COMPILER_LAUNCHIMAGE_NAME = LaunchImage;
				GCC_PRECOMPILE_PREFIX_HEADER = YES;
				GCC_PREFIX_HEADER = "DragDrop/DragDrop-Prefix.pch";
				INFOPLIST_FILE = "DragDrop/DragDrop-Info.plist";
				PRODUCT_NAME = "$(TARGET_NAME)";
				SPRITEKIT_TEXTURE_ATLAS_OUTPUT = YES;
				WRAPPER_EXTENSION = app;
			};
			name = Debug;
		};
		44CE58FD18A86A1D004ACF46 /* Release */ = {
			isa = XCBuildConfiguration;
			buildSettings = {
				ASSETCATALOG_COMPILER_APPICON_NAME = AppIcon;
				ASSETCATALOG_COMPILER_LAUNCHIMAGE_NAME = LaunchImage;
				GCC_PRECOMPILE_PREFIX_HEADER = YES;
				GCC_PREFIX_HEADER = "DragDrop/DragDrop-Prefix.pch";
				INFOPLIST_FILE = "DragDrop/DragDrop-Info.plist";
				PRODUCT_NAME = "$(TARGET_NAME)";
				SPRITEKIT_TEXTURE_ATLAS_OUTPUT = YES;
				WRAPPER_EXTENSION = app;
			};
			name = Release;
		};
		44CE58FF18A86A1D004ACF46 /* Debug */ = {
			isa = XCBuildConfiguration;
			buildSettings = {
				ARCHS = "$(ARCHS_STANDARD_INCLUDING_64_BIT)";
				BUNDLE_LOADER = "$(BUILT_PRODUCTS_DIR)/DragDrop.app/DragDrop";
				FRAMEWORK_SEARCH_PATHS = (
					"$(SDKROOT)/Developer/Library/Frameworks",
					"$(inherited)",
					"$(DEVELOPER_FRAMEWORKS_DIR)",
				);
				GCC_PRECOMPILE_PREFIX_HEADER = YES;
				GCC_PREFIX_HEADER = "DragDrop/DragDrop-Prefix.pch";
				GCC_PREPROCESSOR_DEFINITIONS = (
					"DEBUG=1",
					"$(inherited)",
				);
				INFOPLIST_FILE = "DragDropTests/DragDropTests-Info.plist";
				PRODUCT_NAME = "$(TARGET_NAME)";
				TEST_HOST = "$(BUNDLE_LOADER)";
				WRAPPER_EXTENSION = xctest;
			};
			name = Debug;
		};
		44CE590018A86A1D004ACF46 /* Release */ = {
			isa = XCBuildConfiguration;
			buildSettings = {
				ARCHS = "$(ARCHS_STANDARD_INCLUDING_64_BIT)";
				BUNDLE_LOADER = "$(BUILT_PRODUCTS_DIR)/DragDrop.app/DragDrop";
				FRAMEWORK_SEARCH_PATHS = (
					"$(SDKROOT)/Developer/Library/Frameworks",
					"$(inherited)",
					"$(DEVELOPER_FRAMEWORKS_DIR)",
				);
				GCC_PRECOMPILE_PREFIX_HEADER = YES;
				GCC_PREFIX_HEADER = "DragDrop/DragDrop-Prefix.pch";
				INFOPLIST_FILE = "DragDropTests/DragDropTests-Info.plist";
				PRODUCT_NAME = "$(TARGET_NAME)";
				TEST_HOST = "$(BUNDLE_LOADER)";
				WRAPPER_EXTENSION = xctest;
			};
			name = Release;
		};
/* End XCBuildConfiguration section */

/* Begin XCConfigurationList section */
		44CE58BD18A86A1D004ACF46 /* Build configuration list for PBXProject "DragDrop" */ = {
			isa = XCConfigurationList;
			buildConfigurations = (
				44CE58F918A86A1D004ACF46 /* Debug */,
				44CE58FA18A86A1D004ACF46 /* Release */,
			);
			defaultConfigurationIsVisible = 0;
			defaultConfigurationName = Release;
		};
		44CE58FB18A86A1D004ACF46 /* Build configuration list for PBXNativeTarget "DragDrop" */ = {
			isa = XCConfigurationList;
			buildConfigurations = (
				44CE58FC18A86A1D004ACF46 /* Debug */,
				44CE58FD18A86A1D004ACF46 /* Release */,
			);
			defaultConfigurationIsVisible = 0;
		};
		44CE58FE18A86A1D004ACF46 /* Build configuration list for PBXNativeTarget "DragDropTests" */ = {
			isa = XCConfigurationList;
			buildConfigurations = (
				44CE58FF18A86A1D004ACF46 /* Debug */,
				44CE590018A86A1D004ACF46 /* Release */,
			);
			defaultConfigurationIsVisible = 0;
		};
/* End XCConfigurationList section */
	};
	rootObject = 44CE58BA18A86A1D004ACF46 /* Project object */;
}
